// !$*UTF8*$!
{
	archiveVersion = 1;
	classes = {
	};
	objectVersion = 48;
	objects = {

/* Begin PBXBuildFile section */
		230BEA8A2075CA3200BCFC2B /* Resources.storyboard in Resources */ = {isa = PBXBuildFile; fileRef = 230BEA892075CA3200BCFC2B /* Resources.storyboard */; };
		230BEA8C2075CE1E00BCFC2B /* EventDetail.storyboard in Resources */ = {isa = PBXBuildFile; fileRef = 230BEA8B2075CE1E00BCFC2B /* EventDetail.storyboard */; };
		231F25002076D5D800C94D0D /* AboutOtherUser.swift in Sources */ = {isa = PBXBuildFile; fileRef = 231F24FF2076D5D800C94D0D /* AboutOtherUser.swift */; };
		231F829520573E4C006D5319 /* ResourcesViewController.swift in Sources */ = {isa = PBXBuildFile; fileRef = 231F829420573E4C006D5319 /* ResourcesViewController.swift */; };
		232344DF205D7A7000BC1DA0 /* UserProfile.storyboard in Resources */ = {isa = PBXBuildFile; fileRef = 232344DE205D7A7000BC1DA0 /* UserProfile.storyboard */; };
		232344E1205D7AAD00BC1DA0 /* UserProfileViewController.swift in Sources */ = {isa = PBXBuildFile; fileRef = 232344E0205D7AAD00BC1DA0 /* UserProfileViewController.swift */; };
		232344E7206021FA00BC1DA0 /* User+Convenience.swift in Sources */ = {isa = PBXBuildFile; fileRef = 232344E6206021FA00BC1DA0 /* User+Convenience.swift */; };
		23250CF3202431130033B85D /* City.swift in Sources */ = {isa = PBXBuildFile; fileRef = 23250CF2202431130033B85D /* City.swift */; };
		232EC7F02054BD1400DD21D9 /* EventLocationTableViewController.swift in Sources */ = {isa = PBXBuildFile; fileRef = 232EC7EF2054BD1400DD21D9 /* EventLocationTableViewController.swift */; };
		232EC7F22054D55E00DD21D9 /* Onboarding.storyboard in Resources */ = {isa = PBXBuildFile; fileRef = 232EC7F12054D55E00DD21D9 /* Onboarding.storyboard */; };
		232EC7F52054D67000DD21D9 /* OnboardingViewController.swift in Sources */ = {isa = PBXBuildFile; fileRef = 232EC7F42054D67000DD21D9 /* OnboardingViewController.swift */; };
		232EC7F82054DBEC00DD21D9 /* YoureSeenViewController.swift in Sources */ = {isa = PBXBuildFile; fileRef = 232EC7F72054DBEC00DD21D9 /* YoureSeenViewController.swift */; };
		232EC7FA2054DBFA00DD21D9 /* YoureHeardViewController.swift in Sources */ = {isa = PBXBuildFile; fileRef = 232EC7F92054DBFA00DD21D9 /* YoureHeardViewController.swift */; };
		232EC7FC2054DC0700DD21D9 /* YoureNotAloneViewController.swift in Sources */ = {isa = PBXBuildFile; fileRef = 232EC7FB2054DC0700DD21D9 /* YoureNotAloneViewController.swift */; };
		232EC7FE2054E98900DD21D9 /* GetStartedViewController.swift in Sources */ = {isa = PBXBuildFile; fileRef = 232EC7FD2054E98900DD21D9 /* GetStartedViewController.swift */; };
		2336698B2034E3040070F17F /* Photo.swift in Sources */ = {isa = PBXBuildFile; fileRef = 2336698A2034E3040070F17F /* Photo.swift */; };
		2336698E203533180070F17F /* UserNotifications.framework in Frameworks */ = {isa = PBXBuildFile; fileRef = 2336698D203533180070F17F /* UserNotifications.framework */; };
		233C090020697C2000396E95 /* AdminPassword.swift in Sources */ = {isa = PBXBuildFile; fileRef = 233C08FF20697C2000396E95 /* AdminPassword.swift */; };
		233C090220698E2600396E95 /* UpdateUserProfileViewController.swift in Sources */ = {isa = PBXBuildFile; fileRef = 233C090120698E2600396E95 /* UpdateUserProfileViewController.swift */; };
		233C09042069FCD400396E95 /* EventDetailViewController.swift in Sources */ = {isa = PBXBuildFile; fileRef = 233C09032069FCD400396E95 /* EventDetailViewController.swift */; };
		2347DAB0204DDF7600124188 /* EveryTeenSeen.xcdatamodeld in Sources */ = {isa = PBXBuildFile; fileRef = 2347DAAE204DDF7600124188 /* EveryTeenSeen.xcdatamodeld */; };
		2347DAB2204DE04900124188 /* UserLocation+Convenience.swift in Sources */ = {isa = PBXBuildFile; fileRef = 2347DAB1204DE04900124188 /* UserLocation+Convenience.swift */; };
		2347DAB4204DE07700124188 /* CoreDataStack.swift in Sources */ = {isa = PBXBuildFile; fileRef = 2347DAB3204DE07700124188 /* CoreDataStack.swift */; };
		2347DAB6204DE1C200124188 /* UserLocationController.swift in Sources */ = {isa = PBXBuildFile; fileRef = 2347DAB5204DE1C200124188 /* UserLocationController.swift */; };
		235F66CE202A47E000383355 /* CityController.swift in Sources */ = {isa = PBXBuildFile; fileRef = 235F66CD202A47E000383355 /* CityController.swift */; };
		236155F42023F1850004DC9F /* AppDelegate.swift in Sources */ = {isa = PBXBuildFile; fileRef = 236155F32023F1850004DC9F /* AppDelegate.swift */; };
		236155F92023F1850004DC9F /* Main.storyboard in Resources */ = {isa = PBXBuildFile; fileRef = 236155F72023F1850004DC9F /* Main.storyboard */; };
		236155FB2023F1850004DC9F /* Assets.xcassets in Resources */ = {isa = PBXBuildFile; fileRef = 236155FA2023F1850004DC9F /* Assets.xcassets */; };
		236155FE2023F1850004DC9F /* LaunchScreen.storyboard in Resources */ = {isa = PBXBuildFile; fileRef = 236155FC2023F1850004DC9F /* LaunchScreen.storyboard */; };
		236673A320360CDC00F2F485 /* GoogleService-Info.plist in Resources */ = {isa = PBXBuildFile; fileRef = 236673A220360CDC00F2F485 /* GoogleService-Info.plist */; };
		236673A620363D3200F2F485 /* EventsTableViewCell.swift in Sources */ = {isa = PBXBuildFile; fileRef = 236673A520363D3200F2F485 /* EventsTableViewCell.swift */; };
		2383661F20486596002E7391 /* Admin.storyboard in Resources */ = {isa = PBXBuildFile; fileRef = 2383661E20486596002E7391 /* Admin.storyboard */; };
		238AD1CF2056F10900ADC8DE /* EventsViewController.swift in Sources */ = {isa = PBXBuildFile; fileRef = 238AD1CE2056F10900ADC8DE /* EventsViewController.swift */; };
		238B5548202E0E21002E128C /* HelperMethods.swift in Sources */ = {isa = PBXBuildFile; fileRef = 238B5547202E0E21002E128C /* HelperMethods.swift */; };
		238B554C202E1731002E128C /* UserController.swift in Sources */ = {isa = PBXBuildFile; fileRef = 238B554B202E1731002E128C /* UserController.swift */; };
		238B5550202E1A18002E128C /* FirebaseManager.swift in Sources */ = {isa = PBXBuildFile; fileRef = 238B554F202E1A18002E128C /* FirebaseManager.swift */; };
		238B5554202F8A83002E128C /* SignInViewController.swift in Sources */ = {isa = PBXBuildFile; fileRef = 238B5553202F8A83002E128C /* SignInViewController.swift */; };
		238B5556202F9E69002E128C /* LoginSignUp.storyboard in Resources */ = {isa = PBXBuildFile; fileRef = 238B5555202F9E69002E128C /* LoginSignUp.storyboard */; };
		2393D3A42033BFE40073F6A5 /* Event.swift in Sources */ = {isa = PBXBuildFile; fileRef = 2393D3A32033BFE40073F6A5 /* Event.swift */; };
		2393D3A62033C2380073F6A5 /* EventController.swift in Sources */ = {isa = PBXBuildFile; fileRef = 2393D3A52033C2380073F6A5 /* EventController.swift */; };
		2393D3AA2033D5350073F6A5 /* PhotoController.swift in Sources */ = {isa = PBXBuildFile; fileRef = 2393D3A92033D5350073F6A5 /* PhotoController.swift */; };
		2393D3AC2033E6800073F6A5 /* CreateEventViewController.swift in Sources */ = {isa = PBXBuildFile; fileRef = 2393D3AB2033E6800073F6A5 /* CreateEventViewController.swift */; };
		239BEEC8207C13B8000BE57D /* DonateNow.storyboard in Resources */ = {isa = PBXBuildFile; fileRef = 239BEEC7207C13B8000BE57D /* DonateNow.storyboard */; };
		239BEECA207C14B0000BE57D /* DonateNowViewController.swift in Sources */ = {isa = PBXBuildFile; fileRef = 239BEEC9207C14B0000BE57D /* DonateNowViewController.swift */; };
		239BEECE207C4DD1000BE57D /* CustomTabBarViewController.swift in Sources */ = {isa = PBXBuildFile; fileRef = 239BEECD207C4DD1000BE57D /* CustomTabBarViewController.swift */; };
		239BEED0207C7E0A000BE57D /* CreateEvent.storyboard in Resources */ = {isa = PBXBuildFile; fileRef = 239BEECF207C7E0A000BE57D /* CreateEvent.storyboard */; };
		23A7F516206036AF0045AE4A /* Interest+Convenience.swift in Sources */ = {isa = PBXBuildFile; fileRef = 23A7F515206036AF0045AE4A /* Interest+Convenience.swift */; };
		23A7F518206037340045AE4A /* InterestController.swift in Sources */ = {isa = PBXBuildFile; fileRef = 23A7F517206037340045AE4A /* InterestController.swift */; };
		23F40B9A207565E1003DAF07 /* AboutUserViewController.swift in Sources */ = {isa = PBXBuildFile; fileRef = 23F40B99207565E1003DAF07 /* AboutUserViewController.swift */; };
		93C3980FB99E5FF62218949C /* Pods_EveryTeenSeen.framework in Frameworks */ = {isa = PBXBuildFile; fileRef = 93CF1B89DBE804FD14EC2F71 /* Pods_EveryTeenSeen.framework */; };
/* End PBXBuildFile section */

/* Begin PBXFileReference section */
		03564C288DF100113DAE3FBD /* Pods-EveryTeenSeen.release.xcconfig */ = {isa = PBXFileReference; includeInIndex = 1; lastKnownFileType = text.xcconfig; name = "Pods-EveryTeenSeen.release.xcconfig"; path = "Pods/Target Support Files/Pods-EveryTeenSeen/Pods-EveryTeenSeen.release.xcconfig"; sourceTree = "<group>"; };
		230BEA892075CA3200BCFC2B /* Resources.storyboard */ = {isa = PBXFileReference; lastKnownFileType = file.storyboard; path = Resources.storyboard; sourceTree = "<group>"; };
		230BEA8B2075CE1E00BCFC2B /* EventDetail.storyboard */ = {isa = PBXFileReference; lastKnownFileType = file.storyboard; path = EventDetail.storyboard; sourceTree = "<group>"; };
		231F24FF2076D5D800C94D0D /* AboutOtherUser.swift */ = {isa = PBXFileReference; lastKnownFileType = sourcecode.swift; path = AboutOtherUser.swift; sourceTree = "<group>"; };
		231F829420573E4C006D5319 /* ResourcesViewController.swift */ = {isa = PBXFileReference; lastKnownFileType = sourcecode.swift; path = ResourcesViewController.swift; sourceTree = "<group>"; };
		232344DE205D7A7000BC1DA0 /* UserProfile.storyboard */ = {isa = PBXFileReference; lastKnownFileType = file.storyboard; path = UserProfile.storyboard; sourceTree = "<group>"; };
		232344E0205D7AAD00BC1DA0 /* UserProfileViewController.swift */ = {isa = PBXFileReference; lastKnownFileType = sourcecode.swift; path = UserProfileViewController.swift; sourceTree = "<group>"; };
		232344E6206021FA00BC1DA0 /* User+Convenience.swift */ = {isa = PBXFileReference; lastKnownFileType = sourcecode.swift; path = "User+Convenience.swift"; sourceTree = "<group>"; };
		23250CF2202431130033B85D /* City.swift */ = {isa = PBXFileReference; lastKnownFileType = sourcecode.swift; path = City.swift; sourceTree = "<group>"; };
		232EC7EF2054BD1400DD21D9 /* EventLocationTableViewController.swift */ = {isa = PBXFileReference; lastKnownFileType = sourcecode.swift; path = EventLocationTableViewController.swift; sourceTree = "<group>"; };
		232EC7F12054D55E00DD21D9 /* Onboarding.storyboard */ = {isa = PBXFileReference; lastKnownFileType = file.storyboard; path = Onboarding.storyboard; sourceTree = "<group>"; };
		232EC7F42054D67000DD21D9 /* OnboardingViewController.swift */ = {isa = PBXFileReference; lastKnownFileType = sourcecode.swift; path = OnboardingViewController.swift; sourceTree = "<group>"; };
		232EC7F72054DBEC00DD21D9 /* YoureSeenViewController.swift */ = {isa = PBXFileReference; lastKnownFileType = sourcecode.swift; path = YoureSeenViewController.swift; sourceTree = "<group>"; };
		232EC7F92054DBFA00DD21D9 /* YoureHeardViewController.swift */ = {isa = PBXFileReference; lastKnownFileType = sourcecode.swift; path = YoureHeardViewController.swift; sourceTree = "<group>"; };
		232EC7FB2054DC0700DD21D9 /* YoureNotAloneViewController.swift */ = {isa = PBXFileReference; lastKnownFileType = sourcecode.swift; path = YoureNotAloneViewController.swift; sourceTree = "<group>"; };
		232EC7FD2054E98900DD21D9 /* GetStartedViewController.swift */ = {isa = PBXFileReference; lastKnownFileType = sourcecode.swift; path = GetStartedViewController.swift; sourceTree = "<group>"; };
		2336698A2034E3040070F17F /* Photo.swift */ = {isa = PBXFileReference; lastKnownFileType = sourcecode.swift; path = Photo.swift; sourceTree = "<group>"; };
		2336698C2035314A0070F17F /* EveryTeenSeen.entitlements */ = {isa = PBXFileReference; lastKnownFileType = text.plist.entitlements; path = EveryTeenSeen.entitlements; sourceTree = "<group>"; };
		2336698D203533180070F17F /* UserNotifications.framework */ = {isa = PBXFileReference; lastKnownFileType = wrapper.framework; name = UserNotifications.framework; path = System/Library/Frameworks/UserNotifications.framework; sourceTree = SDKROOT; };
		233C08FF20697C2000396E95 /* AdminPassword.swift */ = {isa = PBXFileReference; lastKnownFileType = sourcecode.swift; path = AdminPassword.swift; sourceTree = "<group>"; };
		233C090120698E2600396E95 /* UpdateUserProfileViewController.swift */ = {isa = PBXFileReference; lastKnownFileType = sourcecode.swift; path = UpdateUserProfileViewController.swift; sourceTree = "<group>"; };
		233C09032069FCD400396E95 /* EventDetailViewController.swift */ = {isa = PBXFileReference; lastKnownFileType = sourcecode.swift; path = EventDetailViewController.swift; sourceTree = "<group>"; };
		2347DAAF204DDF7600124188 /* EveryTeenSeen.xcdatamodel */ = {isa = PBXFileReference; lastKnownFileType = wrapper.xcdatamodel; path = EveryTeenSeen.xcdatamodel; sourceTree = "<group>"; };
		2347DAB1204DE04900124188 /* UserLocation+Convenience.swift */ = {isa = PBXFileReference; lastKnownFileType = sourcecode.swift; path = "UserLocation+Convenience.swift"; sourceTree = "<group>"; };
		2347DAB3204DE07700124188 /* CoreDataStack.swift */ = {isa = PBXFileReference; lastKnownFileType = sourcecode.swift; path = CoreDataStack.swift; sourceTree = "<group>"; };
		2347DAB5204DE1C200124188 /* UserLocationController.swift */ = {isa = PBXFileReference; lastKnownFileType = sourcecode.swift; path = UserLocationController.swift; sourceTree = "<group>"; };
		235F66CD202A47E000383355 /* CityController.swift */ = {isa = PBXFileReference; lastKnownFileType = sourcecode.swift; path = CityController.swift; sourceTree = "<group>"; };
		236155F02023F1850004DC9F /* EveryTeenSeen.app */ = {isa = PBXFileReference; explicitFileType = wrapper.application; includeInIndex = 0; path = EveryTeenSeen.app; sourceTree = BUILT_PRODUCTS_DIR; };
		236155F32023F1850004DC9F /* AppDelegate.swift */ = {isa = PBXFileReference; lastKnownFileType = sourcecode.swift; path = AppDelegate.swift; sourceTree = "<group>"; };
		236155F82023F1850004DC9F /* Base */ = {isa = PBXFileReference; lastKnownFileType = file.storyboard; name = Base; path = Base.lproj/Main.storyboard; sourceTree = "<group>"; };
		236155FA2023F1850004DC9F /* Assets.xcassets */ = {isa = PBXFileReference; lastKnownFileType = folder.assetcatalog; path = Assets.xcassets; sourceTree = "<group>"; };
		236155FD2023F1850004DC9F /* Base */ = {isa = PBXFileReference; lastKnownFileType = file.storyboard; name = Base; path = Base.lproj/LaunchScreen.storyboard; sourceTree = "<group>"; };
		236155FF2023F1850004DC9F /* Info.plist */ = {isa = PBXFileReference; lastKnownFileType = text.plist.xml; path = Info.plist; sourceTree = "<group>"; };
		236673A220360CDC00F2F485 /* GoogleService-Info.plist */ = {isa = PBXFileReference; fileEncoding = 4; lastKnownFileType = text.plist.xml; path = "GoogleService-Info.plist"; sourceTree = "<group>"; };
		236673A520363D3200F2F485 /* EventsTableViewCell.swift */ = {isa = PBXFileReference; lastKnownFileType = sourcecode.swift; path = EventsTableViewCell.swift; sourceTree = "<group>"; };
		2383661E20486596002E7391 /* Admin.storyboard */ = {isa = PBXFileReference; lastKnownFileType = file.storyboard; path = Admin.storyboard; sourceTree = "<group>"; };
		238AD1CE2056F10900ADC8DE /* EventsViewController.swift */ = {isa = PBXFileReference; lastKnownFileType = sourcecode.swift; path = EventsViewController.swift; sourceTree = "<group>"; };
		238B5547202E0E21002E128C /* HelperMethods.swift */ = {isa = PBXFileReference; lastKnownFileType = sourcecode.swift; path = HelperMethods.swift; sourceTree = "<group>"; };
		238B554B202E1731002E128C /* UserController.swift */ = {isa = PBXFileReference; lastKnownFileType = sourcecode.swift; path = UserController.swift; sourceTree = "<group>"; };
		238B554F202E1A18002E128C /* FirebaseManager.swift */ = {isa = PBXFileReference; lastKnownFileType = sourcecode.swift; path = FirebaseManager.swift; sourceTree = "<group>"; };
		238B5553202F8A83002E128C /* SignInViewController.swift */ = {isa = PBXFileReference; lastKnownFileType = sourcecode.swift; path = SignInViewController.swift; sourceTree = "<group>"; };
		238B5555202F9E69002E128C /* LoginSignUp.storyboard */ = {isa = PBXFileReference; lastKnownFileType = file.storyboard; path = LoginSignUp.storyboard; sourceTree = "<group>"; };
		2393D3A32033BFE40073F6A5 /* Event.swift */ = {isa = PBXFileReference; lastKnownFileType = sourcecode.swift; path = Event.swift; sourceTree = "<group>"; };
		2393D3A52033C2380073F6A5 /* EventController.swift */ = {isa = PBXFileReference; lastKnownFileType = sourcecode.swift; path = EventController.swift; sourceTree = "<group>"; };
		2393D3A92033D5350073F6A5 /* PhotoController.swift */ = {isa = PBXFileReference; lastKnownFileType = sourcecode.swift; path = PhotoController.swift; sourceTree = "<group>"; };
		2393D3AB2033E6800073F6A5 /* CreateEventViewController.swift */ = {isa = PBXFileReference; lastKnownFileType = sourcecode.swift; path = CreateEventViewController.swift; sourceTree = "<group>"; };
		239BEEC7207C13B8000BE57D /* DonateNow.storyboard */ = {isa = PBXFileReference; lastKnownFileType = file.storyboard; path = DonateNow.storyboard; sourceTree = "<group>"; };
		239BEEC9207C14B0000BE57D /* DonateNowViewController.swift */ = {isa = PBXFileReference; lastKnownFileType = sourcecode.swift; path = DonateNowViewController.swift; sourceTree = "<group>"; };
		239BEECD207C4DD1000BE57D /* CustomTabBarViewController.swift */ = {isa = PBXFileReference; lastKnownFileType = sourcecode.swift; path = CustomTabBarViewController.swift; sourceTree = "<group>"; };
		239BEECF207C7E0A000BE57D /* CreateEvent.storyboard */ = {isa = PBXFileReference; lastKnownFileType = file.storyboard; path = CreateEvent.storyboard; sourceTree = "<group>"; };
		23A7F515206036AF0045AE4A /* Interest+Convenience.swift */ = {isa = PBXFileReference; lastKnownFileType = sourcecode.swift; path = "Interest+Convenience.swift"; sourceTree = "<group>"; };
		23A7F517206037340045AE4A /* InterestController.swift */ = {isa = PBXFileReference; lastKnownFileType = sourcecode.swift; path = InterestController.swift; sourceTree = "<group>"; };
		23F40B99207565E1003DAF07 /* AboutUserViewController.swift */ = {isa = PBXFileReference; lastKnownFileType = sourcecode.swift; path = AboutUserViewController.swift; sourceTree = "<group>"; };
		93CF1B89DBE804FD14EC2F71 /* Pods_EveryTeenSeen.framework */ = {isa = PBXFileReference; explicitFileType = wrapper.framework; includeInIndex = 0; path = Pods_EveryTeenSeen.framework; sourceTree = BUILT_PRODUCTS_DIR; };
		C5B8742448B544813C4C79FE /* Pods-EveryTeenSeen.debug.xcconfig */ = {isa = PBXFileReference; includeInIndex = 1; lastKnownFileType = text.xcconfig; name = "Pods-EveryTeenSeen.debug.xcconfig"; path = "Pods/Target Support Files/Pods-EveryTeenSeen/Pods-EveryTeenSeen.debug.xcconfig"; sourceTree = "<group>"; };
/* End PBXFileReference section */

/* Begin PBXFrameworksBuildPhase section */
		236155ED2023F1850004DC9F /* Frameworks */ = {
			isa = PBXFrameworksBuildPhase;
			buildActionMask = 2147483647;
			files = (
				2336698E203533180070F17F /* UserNotifications.framework in Frameworks */,
				93C3980FB99E5FF62218949C /* Pods_EveryTeenSeen.framework in Frameworks */,
			);
			runOnlyForDeploymentPostprocessing = 0;
		};
/* End PBXFrameworksBuildPhase section */

/* Begin PBXGroup section */
		228109CE809A79BE8F910B4A /* Frameworks */ = {
			isa = PBXGroup;
			children = (
				2336698D203533180070F17F /* UserNotifications.framework */,
				93CF1B89DBE804FD14EC2F71 /* Pods_EveryTeenSeen.framework */,
			);
			name = Frameworks;
			sourceTree = "<group>";
		};
		23250CE420242CB30033B85D /* Resources */ = {
			isa = PBXGroup;
			children = (
				236155F32023F1850004DC9F /* AppDelegate.swift */,
				236155FA2023F1850004DC9F /* Assets.xcassets */,
				236155FF2023F1850004DC9F /* Info.plist */,
				236673A220360CDC00F2F485 /* GoogleService-Info.plist */,
			);
			path = Resources;
			sourceTree = "<group>";
		};
		23250CE520242CBE0033B85D /* Models */ = {
			isa = PBXGroup;
			children = (
				2347DAAE204DDF7600124188 /* EveryTeenSeen.xcdatamodeld */,
				23250CF2202431130033B85D /* City.swift */,
				2393D3A32033BFE40073F6A5 /* Event.swift */,
				2336698A2034E3040070F17F /* Photo.swift */,
				232344E6206021FA00BC1DA0 /* User+Convenience.swift */,
				2347DAB1204DE04900124188 /* UserLocation+Convenience.swift */,
				23A7F515206036AF0045AE4A /* Interest+Convenience.swift */,
				233C08FF20697C2000396E95 /* AdminPassword.swift */,
				231F24FF2076D5D800C94D0D /* AboutOtherUser.swift */,
			);
			path = Models;
			sourceTree = "<group>";
		};
		23250CE620242CF70033B85D /* Model Controller */ = {
			isa = PBXGroup;
			children = (
				23A7F517206037340045AE4A /* InterestController.swift */,
				235F66CD202A47E000383355 /* CityController.swift */,
				238B554B202E1731002E128C /* UserController.swift */,
				2393D3A52033C2380073F6A5 /* EventController.swift */,
				2393D3A92033D5350073F6A5 /* PhotoController.swift */,
				2347DAB5204DE1C200124188 /* UserLocationController.swift */,
			);
			path = "Model Controller";
			sourceTree = "<group>";
		};
		23250CE720242D010033B85D /* Storyboards */ = {
			isa = PBXGroup;
			children = (
				236155F72023F1850004DC9F /* Main.storyboard */,
				238B5555202F9E69002E128C /* LoginSignUp.storyboard */,
				236155FC2023F1850004DC9F /* LaunchScreen.storyboard */,
				2383661E20486596002E7391 /* Admin.storyboard */,
				232EC7F12054D55E00DD21D9 /* Onboarding.storyboard */,
				232344DE205D7A7000BC1DA0 /* UserProfile.storyboard */,
				230BEA892075CA3200BCFC2B /* Resources.storyboard */,
				230BEA8B2075CE1E00BCFC2B /* EventDetail.storyboard */,
				239BEEC7207C13B8000BE57D /* DonateNow.storyboard */,
				239BEECF207C7E0A000BE57D /* CreateEvent.storyboard */,
			);
			path = Storyboards;
			sourceTree = "<group>";
		};
		23250CE820242D080033B85D /* View Controller */ = {
			isa = PBXGroup;
			children = (
				232EC7F62054DBBE00DD21D9 /* Onboarding View Controllers */,
				238B5553202F8A83002E128C /* SignInViewController.swift */,
				2393D3AB2033E6800073F6A5 /* CreateEventViewController.swift */,
				231F829420573E4C006D5319 /* ResourcesViewController.swift */,
				238AD1CE2056F10900ADC8DE /* EventsViewController.swift */,
				232344E0205D7AAD00BC1DA0 /* UserProfileViewController.swift */,
				233C090120698E2600396E95 /* UpdateUserProfileViewController.swift */,
				233C09032069FCD400396E95 /* EventDetailViewController.swift */,
				23F40B99207565E1003DAF07 /* AboutUserViewController.swift */,
				239BEEC9207C14B0000BE57D /* DonateNowViewController.swift */,
				239BEECD207C4DD1000BE57D /* CustomTabBarViewController.swift */,
			);
			path = "View Controller";
			sourceTree = "<group>";
		};
		232EC7F32054D5D400DD21D9 /* Table View Controllers */ = {
			isa = PBXGroup;
			children = (
				232EC7EF2054BD1400DD21D9 /* EventLocationTableViewController.swift */,
			);
			path = "Table View Controllers";
			sourceTree = "<group>";
		};
		232EC7F62054DBBE00DD21D9 /* Onboarding View Controllers */ = {
			isa = PBXGroup;
			children = (
				232EC7F42054D67000DD21D9 /* OnboardingViewController.swift */,
				232EC7F72054DBEC00DD21D9 /* YoureSeenViewController.swift */,
				232EC7F92054DBFA00DD21D9 /* YoureHeardViewController.swift */,
				232EC7FB2054DC0700DD21D9 /* YoureNotAloneViewController.swift */,
				232EC7FD2054E98900DD21D9 /* GetStartedViewController.swift */,
			);
			path = "Onboarding View Controllers";
			sourceTree = "<group>";
		};
		236155E72023F1850004DC9F = {
			isa = PBXGroup;
			children = (
				236155F22023F1850004DC9F /* EveryTeenSeen */,
				236155F12023F1850004DC9F /* Products */,
				2C253E60057DC07D34F8F1EC /* Pods */,
				228109CE809A79BE8F910B4A /* Frameworks */,
			);
			sourceTree = "<group>";
		};
		236155F12023F1850004DC9F /* Products */ = {
			isa = PBXGroup;
			children = (
				236155F02023F1850004DC9F /* EveryTeenSeen.app */,
			);
			name = Products;
			sourceTree = "<group>";
		};
		236155F22023F1850004DC9F /* EveryTeenSeen */ = {
			isa = PBXGroup;
			children = (
				2336698C2035314A0070F17F /* EveryTeenSeen.entitlements */,
				23250CE520242CBE0033B85D /* Models */,
				23250CE620242CF70033B85D /* Model Controller */,
				23250CE820242D080033B85D /* View Controller */,
				232EC7F32054D5D400DD21D9 /* Table View Controllers */,
				236673A420363D0600F2F485 /* Views */,
				23250CE720242D010033B85D /* Storyboards */,
				23250CE420242CB30033B85D /* Resources */,
				238B5546202E0DF1002E128C /* Helper Files */,
			);
			path = EveryTeenSeen;
			sourceTree = "<group>";
		};
		236673A420363D0600F2F485 /* Views */ = {
			isa = PBXGroup;
			children = (
				236673A520363D3200F2F485 /* EventsTableViewCell.swift */,
			);
			path = Views;
			sourceTree = "<group>";
		};
		238B5546202E0DF1002E128C /* Helper Files */ = {
			isa = PBXGroup;
			children = (
				238B5547202E0E21002E128C /* HelperMethods.swift */,
				238B554F202E1A18002E128C /* FirebaseManager.swift */,
				2347DAB3204DE07700124188 /* CoreDataStack.swift */,
			);
			path = "Helper Files";
			sourceTree = "<group>";
		};
		2C253E60057DC07D34F8F1EC /* Pods */ = {
			isa = PBXGroup;
			children = (
				C5B8742448B544813C4C79FE /* Pods-EveryTeenSeen.debug.xcconfig */,
				03564C288DF100113DAE3FBD /* Pods-EveryTeenSeen.release.xcconfig */,
			);
			name = Pods;
			sourceTree = "<group>";
		};
/* End PBXGroup section */

/* Begin PBXNativeTarget section */
		236155EF2023F1850004DC9F /* EveryTeenSeen */ = {
			isa = PBXNativeTarget;
			buildConfigurationList = 236156022023F1850004DC9F /* Build configuration list for PBXNativeTarget "EveryTeenSeen" */;
			buildPhases = (
				71FD3FC9823A7464D8BC752A /* [CP] Check Pods Manifest.lock */,
				236155EC2023F1850004DC9F /* Sources */,
				236155ED2023F1850004DC9F /* Frameworks */,
				236155EE2023F1850004DC9F /* Resources */,
				B7EF1F9AB33CA745A45095AA /* [CP] Embed Pods Frameworks */,
				3E938A575FB94A9F3D95BDC3 /* [CP] Copy Pods Resources */,
			);
			buildRules = (
			);
			dependencies = (
			);
			name = EveryTeenSeen;
			productName = EveryTeenSeen;
			productReference = 236155F02023F1850004DC9F /* EveryTeenSeen.app */;
			productType = "com.apple.product-type.application";
		};
/* End PBXNativeTarget section */

/* Begin PBXProject section */
		236155E82023F1850004DC9F /* Project object */ = {
			isa = PBXProject;
			attributes = {
				LastSwiftUpdateCheck = 0920;
				LastUpgradeCheck = 0930;
				ORGANIZATIONNAME = "Austin Betzer";
				TargetAttributes = {
					236155EF2023F1850004DC9F = {
						CreatedOnToolsVersion = 9.2;
						ProvisioningStyle = Automatic;
						SystemCapabilities = {
							com.apple.Push = {
								enabled = 1;
							};
						};
					};
				};
			};
			buildConfigurationList = 236155EB2023F1850004DC9F /* Build configuration list for PBXProject "EveryTeenSeen" */;
			compatibilityVersion = "Xcode 8.0";
			developmentRegion = en;
			hasScannedForEncodings = 0;
			knownRegions = (
				en,
				Base,
			);
			mainGroup = 236155E72023F1850004DC9F;
			productRefGroup = 236155F12023F1850004DC9F /* Products */;
			projectDirPath = "";
			projectRoot = "";
			targets = (
				236155EF2023F1850004DC9F /* EveryTeenSeen */,
			);
		};
/* End PBXProject section */

/* Begin PBXResourcesBuildPhase section */
		236155EE2023F1850004DC9F /* Resources */ = {
			isa = PBXResourcesBuildPhase;
			buildActionMask = 2147483647;
			files = (
				238B5556202F9E69002E128C /* LoginSignUp.storyboard in Resources */,
				239BEEC8207C13B8000BE57D /* DonateNow.storyboard in Resources */,
				236155FE2023F1850004DC9F /* LaunchScreen.storyboard in Resources */,
				236155FB2023F1850004DC9F /* Assets.xcassets in Resources */,
				236155F92023F1850004DC9F /* Main.storyboard in Resources */,
				232EC7F22054D55E00DD21D9 /* Onboarding.storyboard in Resources */,
				230BEA8A2075CA3200BCFC2B /* Resources.storyboard in Resources */,
				239BEED0207C7E0A000BE57D /* CreateEvent.storyboard in Resources */,
				232344DF205D7A7000BC1DA0 /* UserProfile.storyboard in Resources */,
				2383661F20486596002E7391 /* Admin.storyboard in Resources */,
				230BEA8C2075CE1E00BCFC2B /* EventDetail.storyboard in Resources */,
				236673A320360CDC00F2F485 /* GoogleService-Info.plist in Resources */,
			);
			runOnlyForDeploymentPostprocessing = 0;
		};
/* End PBXResourcesBuildPhase section */

/* Begin PBXShellScriptBuildPhase section */
		3E938A575FB94A9F3D95BDC3 /* [CP] Copy Pods Resources */ = {
			isa = PBXShellScriptBuildPhase;
			buildActionMask = 2147483647;
			files = (
			);
			inputPaths = (
			);
			name = "[CP] Copy Pods Resources";
			outputPaths = (
			);
			runOnlyForDeploymentPostprocessing = 0;
			shellPath = /bin/sh;
			shellScript = "\"${SRCROOT}/Pods/Target Support Files/Pods-EveryTeenSeen/Pods-EveryTeenSeen-resources.sh\"\n";
			showEnvVarsInLog = 0;
		};
		71FD3FC9823A7464D8BC752A /* [CP] Check Pods Manifest.lock */ = {
			isa = PBXShellScriptBuildPhase;
			buildActionMask = 2147483647;
			files = (
			);
			inputPaths = (
				"${PODS_PODFILE_DIR_PATH}/Podfile.lock",
				"${PODS_ROOT}/Manifest.lock",
			);
			name = "[CP] Check Pods Manifest.lock";
			outputPaths = (
				"$(DERIVED_FILE_DIR)/Pods-EveryTeenSeen-checkManifestLockResult.txt",
			);
			runOnlyForDeploymentPostprocessing = 0;
			shellPath = /bin/sh;
			shellScript = "diff \"${PODS_PODFILE_DIR_PATH}/Podfile.lock\" \"${PODS_ROOT}/Manifest.lock\" > /dev/null\nif [ $? != 0 ] ; then\n    # print error to STDERR\n    echo \"error: The sandbox is not in sync with the Podfile.lock. Run 'pod install' or update your CocoaPods installation.\" >&2\n    exit 1\nfi\n# This output is used by Xcode 'outputs' to avoid re-running this script phase.\necho \"SUCCESS\" > \"${SCRIPT_OUTPUT_FILE_0}\"\n";
			showEnvVarsInLog = 0;
		};
		B7EF1F9AB33CA745A45095AA /* [CP] Embed Pods Frameworks */ = {
			isa = PBXShellScriptBuildPhase;
			buildActionMask = 2147483647;
			files = (
			);
			inputPaths = (
				"${SRCROOT}/Pods/Target Support Files/Pods-EveryTeenSeen/Pods-EveryTeenSeen-frameworks.sh",
				"${BUILT_PRODUCTS_DIR}/BoringSSL/openssl.framework",
				"${BUILT_PRODUCTS_DIR}/GTMSessionFetcher/GTMSessionFetcher.framework",
				"${BUILT_PRODUCTS_DIR}/GoogleToolboxForMac/GoogleToolboxForMac.framework",
				"${BUILT_PRODUCTS_DIR}/Protobuf/Protobuf.framework",
				"${BUILT_PRODUCTS_DIR}/gRPC/GRPCClient.framework",
				"${BUILT_PRODUCTS_DIR}/gRPC-Core/grpc.framework",
				"${BUILT_PRODUCTS_DIR}/gRPC-ProtoRPC/ProtoRPC.framework",
				"${BUILT_PRODUCTS_DIR}/gRPC-RxLibrary/RxLibrary.framework",
				"${BUILT_PRODUCTS_DIR}/leveldb-library/leveldb.framework",
				"${BUILT_PRODUCTS_DIR}/nanopb/nanopb.framework",
			);
			name = "[CP] Embed Pods Frameworks";
			outputPaths = (
				"${TARGET_BUILD_DIR}/${FRAMEWORKS_FOLDER_PATH}/openssl.framework",
				"${TARGET_BUILD_DIR}/${FRAMEWORKS_FOLDER_PATH}/GTMSessionFetcher.framework",
				"${TARGET_BUILD_DIR}/${FRAMEWORKS_FOLDER_PATH}/GoogleToolboxForMac.framework",
				"${TARGET_BUILD_DIR}/${FRAMEWORKS_FOLDER_PATH}/Protobuf.framework",
				"${TARGET_BUILD_DIR}/${FRAMEWORKS_FOLDER_PATH}/GRPCClient.framework",
				"${TARGET_BUILD_DIR}/${FRAMEWORKS_FOLDER_PATH}/grpc.framework",
				"${TARGET_BUILD_DIR}/${FRAMEWORKS_FOLDER_PATH}/ProtoRPC.framework",
				"${TARGET_BUILD_DIR}/${FRAMEWORKS_FOLDER_PATH}/RxLibrary.framework",
				"${TARGET_BUILD_DIR}/${FRAMEWORKS_FOLDER_PATH}/leveldb.framework",
				"${TARGET_BUILD_DIR}/${FRAMEWORKS_FOLDER_PATH}/nanopb.framework",
			);
			runOnlyForDeploymentPostprocessing = 0;
			shellPath = /bin/sh;
			shellScript = "\"${SRCROOT}/Pods/Target Support Files/Pods-EveryTeenSeen/Pods-EveryTeenSeen-frameworks.sh\"\n";
			showEnvVarsInLog = 0;
		};
/* End PBXShellScriptBuildPhase section */

/* Begin PBXSourcesBuildPhase section */
		236155EC2023F1850004DC9F /* Sources */ = {
			isa = PBXSourcesBuildPhase;
			buildActionMask = 2147483647;
			files = (
				239BEECA207C14B0000BE57D /* DonateNowViewController.swift in Sources */,
				233C090220698E2600396E95 /* UpdateUserProfileViewController.swift in Sources */,
				2347DAB4204DE07700124188 /* CoreDataStack.swift in Sources */,
				232344E7206021FA00BC1DA0 /* User+Convenience.swift in Sources */,
				238B5554202F8A83002E128C /* SignInViewController.swift in Sources */,
				238B554C202E1731002E128C /* UserController.swift in Sources */,
				232EC7F82054DBEC00DD21D9 /* YoureSeenViewController.swift in Sources */,
				235F66CE202A47E000383355 /* CityController.swift in Sources */,
				238B5550202E1A18002E128C /* FirebaseManager.swift in Sources */,
				23F40B9A207565E1003DAF07 /* AboutUserViewController.swift in Sources */,
				236155F42023F1850004DC9F /* AppDelegate.swift in Sources */,
				2347DAB0204DDF7600124188 /* EveryTeenSeen.xcdatamodeld in Sources */,
				238B5548202E0E21002E128C /* HelperMethods.swift in Sources */,
				233C090020697C2000396E95 /* AdminPassword.swift in Sources */,
				232EC7F02054BD1400DD21D9 /* EventLocationTableViewController.swift in Sources */,
				2347DAB6204DE1C200124188 /* UserLocationController.swift in Sources */,
				2347DAB2204DE04900124188 /* UserLocation+Convenience.swift in Sources */,
				238AD1CF2056F10900ADC8DE /* EventsViewController.swift in Sources */,
				232EC7FA2054DBFA00DD21D9 /* YoureHeardViewController.swift in Sources */,
				232EC7FC2054DC0700DD21D9 /* YoureNotAloneViewController.swift in Sources */,
				232344E1205D7AAD00BC1DA0 /* UserProfileViewController.swift in Sources */,
				2336698B2034E3040070F17F /* Photo.swift in Sources */,
				232EC7FE2054E98900DD21D9 /* GetStartedViewController.swift in Sources */,
				2393D3AC2033E6800073F6A5 /* CreateEventViewController.swift in Sources */,
				23250CF3202431130033B85D /* City.swift in Sources */,
				232EC7F52054D67000DD21D9 /* OnboardingViewController.swift in Sources */,
				2393D3A62033C2380073F6A5 /* EventController.swift in Sources */,
				239BEECE207C4DD1000BE57D /* CustomTabBarViewController.swift in Sources */,
				23A7F516206036AF0045AE4A /* Interest+Convenience.swift in Sources */,
				2393D3AA2033D5350073F6A5 /* PhotoController.swift in Sources */,
				231F829520573E4C006D5319 /* ResourcesViewController.swift in Sources */,
				236673A620363D3200F2F485 /* EventsTableViewCell.swift in Sources */,
				2393D3A42033BFE40073F6A5 /* Event.swift in Sources */,
				233C09042069FCD400396E95 /* EventDetailViewController.swift in Sources */,
				23A7F518206037340045AE4A /* InterestController.swift in Sources */,
				231F25002076D5D800C94D0D /* AboutOtherUser.swift in Sources */,
			);
			runOnlyForDeploymentPostprocessing = 0;
		};
/* End PBXSourcesBuildPhase section */

/* Begin PBXVariantGroup section */
		236155F72023F1850004DC9F /* Main.storyboard */ = {
			isa = PBXVariantGroup;
			children = (
				236155F82023F1850004DC9F /* Base */,
			);
			name = Main.storyboard;
			sourceTree = "<group>";
		};
		236155FC2023F1850004DC9F /* LaunchScreen.storyboard */ = {
			isa = PBXVariantGroup;
			children = (
				236155FD2023F1850004DC9F /* Base */,
			);
			name = LaunchScreen.storyboard;
			sourceTree = "<group>";
		};
/* End PBXVariantGroup section */

/* Begin XCBuildConfiguration section */
		236156002023F1850004DC9F /* Debug */ = {
			isa = XCBuildConfiguration;
			buildSettings = {
				ALWAYS_SEARCH_USER_PATHS = NO;
				CLANG_ANALYZER_NONNULL = YES;
				CLANG_ANALYZER_NUMBER_OBJECT_CONVERSION = YES_AGGRESSIVE;
				CLANG_CXX_LANGUAGE_STANDARD = "gnu++14";
				CLANG_CXX_LIBRARY = "libc++";
				CLANG_ENABLE_MODULES = YES;
				CLANG_ENABLE_OBJC_ARC = YES;
				CLANG_WARN_BLOCK_CAPTURE_AUTORELEASING = YES;
				CLANG_WARN_BOOL_CONVERSION = YES;
				CLANG_WARN_COMMA = YES;
				CLANG_WARN_CONSTANT_CONVERSION = YES;
				CLANG_WARN_DEPRECATED_OBJC_IMPLEMENTATIONS = YES;
				CLANG_WARN_DIRECT_OBJC_ISA_USAGE = YES_ERROR;
				CLANG_WARN_DOCUMENTATION_COMMENTS = YES;
				CLANG_WARN_EMPTY_BODY = YES;
				CLANG_WARN_ENUM_CONVERSION = YES;
				CLANG_WARN_INFINITE_RECURSION = YES;
				CLANG_WARN_INT_CONVERSION = YES;
				CLANG_WARN_NON_LITERAL_NULL_CONVERSION = YES;
				CLANG_WARN_OBJC_IMPLICIT_RETAIN_SELF = YES;
				CLANG_WARN_OBJC_LITERAL_CONVERSION = YES;
				CLANG_WARN_OBJC_ROOT_CLASS = YES_ERROR;
				CLANG_WARN_RANGE_LOOP_ANALYSIS = YES;
				CLANG_WARN_STRICT_PROTOTYPES = YES;
				CLANG_WARN_SUSPICIOUS_MOVE = YES;
				CLANG_WARN_UNGUARDED_AVAILABILITY = YES_AGGRESSIVE;
				CLANG_WARN_UNREACHABLE_CODE = YES;
				CLANG_WARN__DUPLICATE_METHOD_MATCH = YES;
				CODE_SIGN_IDENTITY = "iPhone Developer";
				COPY_PHASE_STRIP = NO;
				DEBUG_INFORMATION_FORMAT = dwarf;
				ENABLE_STRICT_OBJC_MSGSEND = YES;
				ENABLE_TESTABILITY = YES;
				GCC_C_LANGUAGE_STANDARD = gnu11;
				GCC_DYNAMIC_NO_PIC = NO;
				GCC_NO_COMMON_BLOCKS = YES;
				GCC_OPTIMIZATION_LEVEL = 0;
				GCC_PREPROCESSOR_DEFINITIONS = (
					"DEBUG=1",
					"$(inherited)",
				);
				GCC_WARN_64_TO_32_BIT_CONVERSION = YES;
				GCC_WARN_ABOUT_RETURN_TYPE = YES_ERROR;
				GCC_WARN_UNDECLARED_SELECTOR = YES;
				GCC_WARN_UNINITIALIZED_AUTOS = YES_AGGRESSIVE;
				GCC_WARN_UNUSED_FUNCTION = YES;
				GCC_WARN_UNUSED_VARIABLE = YES;
				IPHONEOS_DEPLOYMENT_TARGET = 11.2;
				MTL_ENABLE_DEBUG_INFO = YES;
				ONLY_ACTIVE_ARCH = YES;
				SDKROOT = iphoneos;
				SWIFT_ACTIVE_COMPILATION_CONDITIONS = DEBUG;
				SWIFT_OPTIMIZATION_LEVEL = "-Onone";
			};
			name = Debug;
		};
		236156012023F1850004DC9F /* Release */ = {
			isa = XCBuildConfiguration;
			buildSettings = {
				ALWAYS_SEARCH_USER_PATHS = NO;
				CLANG_ANALYZER_NONNULL = YES;
				CLANG_ANALYZER_NUMBER_OBJECT_CONVERSION = YES_AGGRESSIVE;
				CLANG_CXX_LANGUAGE_STANDARD = "gnu++14";
				CLANG_CXX_LIBRARY = "libc++";
				CLANG_ENABLE_MODULES = YES;
				CLANG_ENABLE_OBJC_ARC = YES;
				CLANG_WARN_BLOCK_CAPTURE_AUTORELEASING = YES;
				CLANG_WARN_BOOL_CONVERSION = YES;
				CLANG_WARN_COMMA = YES;
				CLANG_WARN_CONSTANT_CONVERSION = YES;
				CLANG_WARN_DEPRECATED_OBJC_IMPLEMENTATIONS = YES;
				CLANG_WARN_DIRECT_OBJC_ISA_USAGE = YES_ERROR;
				CLANG_WARN_DOCUMENTATION_COMMENTS = YES;
				CLANG_WARN_EMPTY_BODY = YES;
				CLANG_WARN_ENUM_CONVERSION = YES;
				CLANG_WARN_INFINITE_RECURSION = YES;
				CLANG_WARN_INT_CONVERSION = YES;
				CLANG_WARN_NON_LITERAL_NULL_CONVERSION = YES;
				CLANG_WARN_OBJC_IMPLICIT_RETAIN_SELF = YES;
				CLANG_WARN_OBJC_LITERAL_CONVERSION = YES;
				CLANG_WARN_OBJC_ROOT_CLASS = YES_ERROR;
				CLANG_WARN_RANGE_LOOP_ANALYSIS = YES;
				CLANG_WARN_STRICT_PROTOTYPES = YES;
				CLANG_WARN_SUSPICIOUS_MOVE = YES;
				CLANG_WARN_UNGUARDED_AVAILABILITY = YES_AGGRESSIVE;
				CLANG_WARN_UNREACHABLE_CODE = YES;
				CLANG_WARN__DUPLICATE_METHOD_MATCH = YES;
				CODE_SIGN_IDENTITY = "iPhone Developer";
				COPY_PHASE_STRIP = NO;
				DEBUG_INFORMATION_FORMAT = "dwarf-with-dsym";
				ENABLE_NS_ASSERTIONS = NO;
				ENABLE_STRICT_OBJC_MSGSEND = YES;
				GCC_C_LANGUAGE_STANDARD = gnu11;
				GCC_NO_COMMON_BLOCKS = YES;
				GCC_WARN_64_TO_32_BIT_CONVERSION = YES;
				GCC_WARN_ABOUT_RETURN_TYPE = YES_ERROR;
				GCC_WARN_UNDECLARED_SELECTOR = YES;
				GCC_WARN_UNINITIALIZED_AUTOS = YES_AGGRESSIVE;
				GCC_WARN_UNUSED_FUNCTION = YES;
				GCC_WARN_UNUSED_VARIABLE = YES;
				IPHONEOS_DEPLOYMENT_TARGET = 11.2;
				MTL_ENABLE_DEBUG_INFO = NO;
				SDKROOT = iphoneos;
				SWIFT_OPTIMIZATION_LEVEL = "-Owholemodule";
				VALIDATE_PRODUCT = YES;
			};
			name = Release;
		};
		236156032023F1850004DC9F /* Debug */ = {
			isa = XCBuildConfiguration;
			baseConfigurationReference = C5B8742448B544813C4C79FE /* Pods-EveryTeenSeen.debug.xcconfig */;
			buildSettings = {
				ASSETCATALOG_COMPILER_APPICON_NAME = AppIcon;
				CODE_SIGN_ENTITLEMENTS = EveryTeenSeen/EveryTeenSeen.entitlements;
				CODE_SIGN_STYLE = Automatic;
				DEVELOPMENT_TEAM = RE524LJXV2;
				INFOPLIST_FILE = "$(SRCROOT)/EveryTeenSeen/Resources/Info.plist";
				IPHONEOS_DEPLOYMENT_TARGET = 10.0;
				LD_RUNPATH_SEARCH_PATHS = "$(inherited) @executable_path/Frameworks";
				PRODUCT_BUNDLE_IDENTIFIER = ETSMovement.EveryTeenSeen;
				PRODUCT_NAME = "$(TARGET_NAME)";
				SWIFT_VERSION = 4.0;
				TARGETED_DEVICE_FAMILY = 1;
			};
			name = Debug;
		};
		236156042023F1850004DC9F /* Release */ = {
			isa = XCBuildConfiguration;
			baseConfigurationReference = 03564C288DF100113DAE3FBD /* Pods-EveryTeenSeen.release.xcconfig */;
			buildSettings = {
				ASSETCATALOG_COMPILER_APPICON_NAME = AppIcon;
				CODE_SIGN_ENTITLEMENTS = EveryTeenSeen/EveryTeenSeen.entitlements;
				CODE_SIGN_STYLE = Automatic;
				DEVELOPMENT_TEAM = RE524LJXV2;
				INFOPLIST_FILE = "$(SRCROOT)/EveryTeenSeen/Resources/Info.plist";
				IPHONEOS_DEPLOYMENT_TARGET = 10.0;
				LD_RUNPATH_SEARCH_PATHS = "$(inherited) @executable_path/Frameworks";
				PRODUCT_BUNDLE_IDENTIFIER = ETSMovement.EveryTeenSeen;
				PRODUCT_NAME = "$(TARGET_NAME)";
				SWIFT_VERSION = 4.0;
				TARGETED_DEVICE_FAMILY = 1;
			};
			name = Release;
		};
/* End XCBuildConfiguration section */

/* Begin XCConfigurationList section */
		236155EB2023F1850004DC9F /* Build configuration list for PBXProject "EveryTeenSeen" */ = {
			isa = XCConfigurationList;
			buildConfigurations = (
				236156002023F1850004DC9F /* Debug */,
				236156012023F1850004DC9F /* Release */,
			);
			defaultConfigurationIsVisible = 0;
			defaultConfigurationName = Release;
		};
		236156022023F1850004DC9F /* Build configuration list for PBXNativeTarget "EveryTeenSeen" */ = {
			isa = XCConfigurationList;
			buildConfigurations = (
				236156032023F1850004DC9F /* Debug */,
				236156042023F1850004DC9F /* Release */,
			);
			defaultConfigurationIsVisible = 0;
			defaultConfigurationName = Release;
		};
/* End XCConfigurationList section */

/* Begin XCVersionGroup section */
		2347DAAE204DDF7600124188 /* EveryTeenSeen.xcdatamodeld */ = {
			isa = XCVersionGroup;
			children = (
				2347DAAF204DDF7600124188 /* EveryTeenSeen.xcdatamodel */,
			);
			currentVersion = 2347DAAF204DDF7600124188 /* EveryTeenSeen.xcdatamodel */;
			path = EveryTeenSeen.xcdatamodeld;
			sourceTree = "<group>";
			versionGroupType = wrapper.xcdatamodel;
		};
/* End XCVersionGroup section */
	};
	rootObject = 236155E82023F1850004DC9F /* Project object */;
}
