// !$*UTF8*$!
{
	archiveVersion = 1;
	classes = {
	};
	objectVersion = 48;
	objects = {

/* Begin PBXBuildFile section */
		23250CEA20242D690033B85D /* WelcomeViewController.swift in Sources */ = {isa = PBXBuildFile; fileRef = 23250CE920242D690033B85D /* WelcomeViewController.swift */; };
		23250CEF20242EB10033B85D /* UtahZipCodes in Resources */ = {isa = PBXBuildFile; fileRef = 23250CEE20242EB10033B85D /* UtahZipCodes */; };
		23250CF3202431130033B85D /* City.swift in Sources */ = {isa = PBXBuildFile; fileRef = 23250CF2202431130033B85D /* City.swift */; };
		235F64C420294C1100E1EC56 /* GoogleService-Info.plist in Resources */ = {isa = PBXBuildFile; fileRef = 235F64C320294C1100E1EC56 /* GoogleService-Info.plist */; };
		235F66CA202A411400383355 /* JoinViewController.swift in Sources */ = {isa = PBXBuildFile; fileRef = 235F66C9202A411400383355 /* JoinViewController.swift */; };
		235F66CC202A413100383355 /* CreateProfileViewController.swift in Sources */ = {isa = PBXBuildFile; fileRef = 235F66CB202A413100383355 /* CreateProfileViewController.swift */; };
		235F66CE202A47E000383355 /* CityController.swift in Sources */ = {isa = PBXBuildFile; fileRef = 235F66CD202A47E000383355 /* CityController.swift */; };
		236155F42023F1850004DC9F /* AppDelegate.swift in Sources */ = {isa = PBXBuildFile; fileRef = 236155F32023F1850004DC9F /* AppDelegate.swift */; };
		236155F92023F1850004DC9F /* Main.storyboard in Resources */ = {isa = PBXBuildFile; fileRef = 236155F72023F1850004DC9F /* Main.storyboard */; };
		236155FB2023F1850004DC9F /* Assets.xcassets in Resources */ = {isa = PBXBuildFile; fileRef = 236155FA2023F1850004DC9F /* Assets.xcassets */; };
		236155FE2023F1850004DC9F /* LaunchScreen.storyboard in Resources */ = {isa = PBXBuildFile; fileRef = 236155FC2023F1850004DC9F /* LaunchScreen.storyboard */; };
		93C3980FB99E5FF62218949C /* Pods_EveryTeenSeen.framework in Frameworks */ = {isa = PBXBuildFile; fileRef = 93CF1B89DBE804FD14EC2F71 /* Pods_EveryTeenSeen.framework */; };
/* End PBXBuildFile section */

/* Begin PBXFileReference section */
		03564C288DF100113DAE3FBD /* Pods-EveryTeenSeen.release.xcconfig */ = {isa = PBXFileReference; includeInIndex = 1; lastKnownFileType = text.xcconfig; name = "Pods-EveryTeenSeen.release.xcconfig"; path = "Pods/Target Support Files/Pods-EveryTeenSeen/Pods-EveryTeenSeen.release.xcconfig"; sourceTree = "<group>"; };
		23250CE920242D690033B85D /* WelcomeViewController.swift */ = {isa = PBXFileReference; lastKnownFileType = sourcecode.swift; path = WelcomeViewController.swift; sourceTree = "<group>"; };
		23250CEE20242EB10033B85D /* UtahZipCodes */ = {isa = PBXFileReference; fileEncoding = 4; lastKnownFileType = text; path = UtahZipCodes; sourceTree = "<group>"; };
		23250CF2202431130033B85D /* City.swift */ = {isa = PBXFileReference; lastKnownFileType = sourcecode.swift; path = City.swift; sourceTree = "<group>"; };
		235F64C320294C1100E1EC56 /* GoogleService-Info.plist */ = {isa = PBXFileReference; fileEncoding = 4; lastKnownFileType = text.plist.xml; name = "GoogleService-Info.plist"; path = "../../../../Downloads/GoogleService-Info.plist"; sourceTree = "<group>"; };
		235F66C9202A411400383355 /* JoinViewController.swift */ = {isa = PBXFileReference; lastKnownFileType = sourcecode.swift; path = JoinViewController.swift; sourceTree = "<group>"; };
		235F66CB202A413100383355 /* CreateProfileViewController.swift */ = {isa = PBXFileReference; lastKnownFileType = sourcecode.swift; path = CreateProfileViewController.swift; sourceTree = "<group>"; };
		235F66CD202A47E000383355 /* CityController.swift */ = {isa = PBXFileReference; lastKnownFileType = sourcecode.swift; path = CityController.swift; sourceTree = "<group>"; };
		236155F02023F1850004DC9F /* EveryTeenSeen.app */ = {isa = PBXFileReference; explicitFileType = wrapper.application; includeInIndex = 0; path = EveryTeenSeen.app; sourceTree = BUILT_PRODUCTS_DIR; };
		236155F32023F1850004DC9F /* AppDelegate.swift */ = {isa = PBXFileReference; lastKnownFileType = sourcecode.swift; path = AppDelegate.swift; sourceTree = "<group>"; };
		236155F82023F1850004DC9F /* Base */ = {isa = PBXFileReference; lastKnownFileType = file.storyboard; name = Base; path = Base.lproj/Main.storyboard; sourceTree = "<group>"; };
		236155FA2023F1850004DC9F /* Assets.xcassets */ = {isa = PBXFileReference; lastKnownFileType = folder.assetcatalog; path = Assets.xcassets; sourceTree = "<group>"; };
		236155FD2023F1850004DC9F /* Base */ = {isa = PBXFileReference; lastKnownFileType = file.storyboard; name = Base; path = Base.lproj/LaunchScreen.storyboard; sourceTree = "<group>"; };
		236155FF2023F1850004DC9F /* Info.plist */ = {isa = PBXFileReference; lastKnownFileType = text.plist.xml; path = Info.plist; sourceTree = "<group>"; };
		93CF1B89DBE804FD14EC2F71 /* Pods_EveryTeenSeen.framework */ = {isa = PBXFileReference; explicitFileType = wrapper.framework; includeInIndex = 0; path = Pods_EveryTeenSeen.framework; sourceTree = BUILT_PRODUCTS_DIR; };
		C5B8742448B544813C4C79FE /* Pods-EveryTeenSeen.debug.xcconfig */ = {isa = PBXFileReference; includeInIndex = 1; lastKnownFileType = text.xcconfig; name = "Pods-EveryTeenSeen.debug.xcconfig"; path = "Pods/Target Support Files/Pods-EveryTeenSeen/Pods-EveryTeenSeen.debug.xcconfig"; sourceTree = "<group>"; };
/* End PBXFileReference section */

/* Begin PBXFrameworksBuildPhase section */
		236155ED2023F1850004DC9F /* Frameworks */ = {
			isa = PBXFrameworksBuildPhase;
			buildActionMask = 2147483647;
			files = (
				93C3980FB99E5FF62218949C /* Pods_EveryTeenSeen.framework in Frameworks */,
			);
			runOnlyForDeploymentPostprocessing = 0;
		};
/* End PBXFrameworksBuildPhase section */

/* Begin PBXGroup section */
		228109CE809A79BE8F910B4A /* Frameworks */ = {
			isa = PBXGroup;
			children = (
				93CF1B89DBE804FD14EC2F71 /* Pods_EveryTeenSeen.framework */,
			);
			name = Frameworks;
			sourceTree = "<group>";
		};
		23250CE420242CB30033B85D /* Resources */ = {
			isa = PBXGroup;
			children = (
				236155F32023F1850004DC9F /* AppDelegate.swift */,
				236155FA2023F1850004DC9F /* Assets.xcassets */,
				236155FF2023F1850004DC9F /* Info.plist */,
				235F64C320294C1100E1EC56 /* GoogleService-Info.plist */,
			);
			path = Resources;
			sourceTree = "<group>";
		};
		23250CE520242CBE0033B85D /* Models */ = {
			isa = PBXGroup;
			children = (
				23250CF2202431130033B85D /* City.swift */,
			);
			path = Models;
			sourceTree = "<group>";
		};
		23250CE620242CF70033B85D /* Model Controller */ = {
			isa = PBXGroup;
			children = (
				235F66CD202A47E000383355 /* CityController.swift */,
			);
			path = "Model Controller";
			sourceTree = "<group>";
		};
		23250CE720242D010033B85D /* Storyboards */ = {
			isa = PBXGroup;
			children = (
				236155F72023F1850004DC9F /* Main.storyboard */,
				236155FC2023F1850004DC9F /* LaunchScreen.storyboard */,
			);
			path = Storyboards;
			sourceTree = "<group>";
		};
		23250CE820242D080033B85D /* View Controller */ = {
			isa = PBXGroup;
			children = (
				23250CE920242D690033B85D /* WelcomeViewController.swift */,
				235F66C9202A411400383355 /* JoinViewController.swift */,
				235F66CB202A413100383355 /* CreateProfileViewController.swift */,
			);
			path = "View Controller";
			sourceTree = "<group>";
		};
		23250CEB20242DBA0033B85D /* JSON Files */ = {
			isa = PBXGroup;
			children = (
				23250CEE20242EB10033B85D /* UtahZipCodes */,
			);
			path = "JSON Files";
			sourceTree = "<group>";
		};
		236155E72023F1850004DC9F = {
			isa = PBXGroup;
			children = (
				236155F22023F1850004DC9F /* EveryTeenSeen */,
				236155F12023F1850004DC9F /* Products */,
				2C253E60057DC07D34F8F1EC /* Pods */,
				228109CE809A79BE8F910B4A /* Frameworks */,
			);
			sourceTree = "<group>";
		};
		236155F12023F1850004DC9F /* Products */ = {
			isa = PBXGroup;
			children = (
				236155F02023F1850004DC9F /* EveryTeenSeen.app */,
			);
			name = Products;
			sourceTree = "<group>";
		};
		236155F22023F1850004DC9F /* EveryTeenSeen */ = {
			isa = PBXGroup;
			children = (
				23250CE520242CBE0033B85D /* Models */,
				23250CE620242CF70033B85D /* Model Controller */,
				23250CE820242D080033B85D /* View Controller */,
				23250CE720242D010033B85D /* Storyboards */,
				23250CE420242CB30033B85D /* Resources */,
				23250CEB20242DBA0033B85D /* JSON Files */,
			);
			path = EveryTeenSeen;
			sourceTree = "<group>";
		};
		2C253E60057DC07D34F8F1EC /* Pods */ = {
			isa = PBXGroup;
			children = (
				C5B8742448B544813C4C79FE /* Pods-EveryTeenSeen.debug.xcconfig */,
				03564C288DF100113DAE3FBD /* Pods-EveryTeenSeen.release.xcconfig */,
			);
			name = Pods;
			sourceTree = "<group>";
		};
/* End PBXGroup section */

/* Begin PBXNativeTarget section */
		236155EF2023F1850004DC9F /* EveryTeenSeen */ = {
			isa = PBXNativeTarget;
			buildConfigurationList = 236156022023F1850004DC9F /* Build configuration list for PBXNativeTarget "EveryTeenSeen" */;
			buildPhases = (
				71FD3FC9823A7464D8BC752A /* [CP] Check Pods Manifest.lock */,
				236155EC2023F1850004DC9F /* Sources */,
				236155ED2023F1850004DC9F /* Frameworks */,
				236155EE2023F1850004DC9F /* Resources */,
				B7EF1F9AB33CA745A45095AA /* [CP] Embed Pods Frameworks */,
				3E938A575FB94A9F3D95BDC3 /* [CP] Copy Pods Resources */,
			);
			buildRules = (
			);
			dependencies = (
			);
			name = EveryTeenSeen;
			productName = EveryTeenSeen;
			productReference = 236155F02023F1850004DC9F /* EveryTeenSeen.app */;
			productType = "com.apple.product-type.application";
		};
/* End PBXNativeTarget section */

/* Begin PBXProject section */
		236155E82023F1850004DC9F /* Project object */ = {
			isa = PBXProject;
			attributes = {
				LastSwiftUpdateCheck = 0920;
				LastUpgradeCheck = 0920;
				ORGANIZATIONNAME = "Austin Betzer";
				TargetAttributes = {
					236155EF2023F1850004DC9F = {
						CreatedOnToolsVersion = 9.2;
						ProvisioningStyle = Automatic;
					};
				};
			};
			buildConfigurationList = 236155EB2023F1850004DC9F /* Build configuration list for PBXProject "EveryTeenSeen" */;
			compatibilityVersion = "Xcode 8.0";
			developmentRegion = en;
			hasScannedForEncodings = 0;
			knownRegions = (
				en,
				Base,
			);
			mainGroup = 236155E72023F1850004DC9F;
			productRefGroup = 236155F12023F1850004DC9F /* Products */;
			projectDirPath = "";
			projectRoot = "";
			targets = (
				236155EF2023F1850004DC9F /* EveryTeenSeen */,
			);
		};
/* End PBXProject section */

/* Begin PBXResourcesBuildPhase section */
		236155EE2023F1850004DC9F /* Resources */ = {
			isa = PBXResourcesBuildPhase;
			buildActionMask = 2147483647;
			files = (
				236155FE2023F1850004DC9F /* LaunchScreen.storyboard in Resources */,
				236155FB2023F1850004DC9F /* Assets.xcassets in Resources */,
				235F64C420294C1100E1EC56 /* GoogleService-Info.plist in Resources */,
				236155F92023F1850004DC9F /* Main.storyboard in Resources */,
				23250CEF20242EB10033B85D /* UtahZipCodes in Resources */,
			);
			runOnlyForDeploymentPostprocessing = 0;
		};
/* End PBXResourcesBuildPhase section */

/* Begin PBXShellScriptBuildPhase section */
		3E938A575FB94A9F3D95BDC3 /* [CP] Copy Pods Resources */ = {
			isa = PBXShellScriptBuildPhase;
			buildActionMask = 2147483647;
			files = (
			);
			inputPaths = (
			);
			name = "[CP] Copy Pods Resources";
			outputPaths = (
			);
			runOnlyForDeploymentPostprocessing = 0;
			shellPath = /bin/sh;
			shellScript = "\"${SRCROOT}/Pods/Target Support Files/Pods-EveryTeenSeen/Pods-EveryTeenSeen-resources.sh\"\n";
			showEnvVarsInLog = 0;
		};
		71FD3FC9823A7464D8BC752A /* [CP] Check Pods Manifest.lock */ = {
			isa = PBXShellScriptBuildPhase;
			buildActionMask = 2147483647;
			files = (
			);
			inputPaths = (
				"${PODS_PODFILE_DIR_PATH}/Podfile.lock",
				"${PODS_ROOT}/Manifest.lock",
			);
			name = "[CP] Check Pods Manifest.lock";
			outputPaths = (
				"$(DERIVED_FILE_DIR)/Pods-EveryTeenSeen-checkManifestLockResult.txt",
			);
			runOnlyForDeploymentPostprocessing = 0;
			shellPath = /bin/sh;
			shellScript = "diff \"${PODS_PODFILE_DIR_PATH}/Podfile.lock\" \"${PODS_ROOT}/Manifest.lock\" > /dev/null\nif [ $? != 0 ] ; then\n    # print error to STDERR\n    echo \"error: The sandbox is not in sync with the Podfile.lock. Run 'pod install' or update your CocoaPods installation.\" >&2\n    exit 1\nfi\n# This output is used by Xcode 'outputs' to avoid re-running this script phase.\necho \"SUCCESS\" > \"${SCRIPT_OUTPUT_FILE_0}\"\n";
			showEnvVarsInLog = 0;
		};
		B7EF1F9AB33CA745A45095AA /* [CP] Embed Pods Frameworks */ = {
			isa = PBXShellScriptBuildPhase;
			buildActionMask = 2147483647;
			files = (
			);
			inputPaths = (
				"${SRCROOT}/Pods/Target Support Files/Pods-EveryTeenSeen/Pods-EveryTeenSeen-frameworks.sh",
				"${BUILT_PRODUCTS_DIR}/GTMSessionFetcher/GTMSessionFetcher.framework",
				"${BUILT_PRODUCTS_DIR}/GoogleToolboxForMac/GoogleToolboxForMac.framework",
				"${BUILT_PRODUCTS_DIR}/nanopb/nanopb.framework",
			);
			name = "[CP] Embed Pods Frameworks";
			outputPaths = (
				"${TARGET_BUILD_DIR}/${FRAMEWORKS_FOLDER_PATH}/GTMSessionFetcher.framework",
				"${TARGET_BUILD_DIR}/${FRAMEWORKS_FOLDER_PATH}/GoogleToolboxForMac.framework",
				"${TARGET_BUILD_DIR}/${FRAMEWORKS_FOLDER_PATH}/nanopb.framework",
			);
			runOnlyForDeploymentPostprocessing = 0;
			shellPath = /bin/sh;
			shellScript = "\"${SRCROOT}/Pods/Target Support Files/Pods-EveryTeenSeen/Pods-EveryTeenSeen-frameworks.sh\"\n";
			showEnvVarsInLog = 0;
		};
/* End PBXShellScriptBuildPhase section */

/* Begin PBXSourcesBuildPhase section */
		236155EC2023F1850004DC9F /* Sources */ = {
			isa = PBXSourcesBuildPhase;
			buildActionMask = 2147483647;
			files = (
				235F66CE202A47E000383355 /* CityController.swift in Sources */,
				236155F42023F1850004DC9F /* AppDelegate.swift in Sources */,
				23250CEA20242D690033B85D /* WelcomeViewController.swift in Sources */,
				235F66CA202A411400383355 /* JoinViewController.swift in Sources */,
				235F66CC202A413100383355 /* CreateProfileViewController.swift in Sources */,
				23250CF3202431130033B85D /* City.swift in Sources */,
			);
			runOnlyForDeploymentPostprocessing = 0;
		};
/* End PBXSourcesBuildPhase section */

/* Begin PBXVariantGroup section */
		236155F72023F1850004DC9F /* Main.storyboard */ = {
			isa = PBXVariantGroup;
			children = (
				236155F82023F1850004DC9F /* Base */,
			);
			name = Main.storyboard;
			sourceTree = "<group>";
		};
		236155FC2023F1850004DC9F /* LaunchScreen.storyboard */ = {
			isa = PBXVariantGroup;
			children = (
				236155FD2023F1850004DC9F /* Base */,
			);
			name = LaunchScreen.storyboard;
			sourceTree = "<group>";
		};
/* End PBXVariantGroup section */

/* Begin XCBuildConfiguration section */
		236156002023F1850004DC9F /* Debug */ = {
			isa = XCBuildConfiguration;
			buildSettings = {
				ALWAYS_SEARCH_USER_PATHS = NO;
				CLANG_ANALYZER_NONNULL = YES;
				CLANG_ANALYZER_NUMBER_OBJECT_CONVERSION = YES_AGGRESSIVE;
				CLANG_CXX_LANGUAGE_STANDARD = "gnu++14";
				CLANG_CXX_LIBRARY = "libc++";
				CLANG_ENABLE_MODULES = YES;
				CLANG_ENABLE_OBJC_ARC = YES;
				CLANG_WARN_BLOCK_CAPTURE_AUTORELEASING = YES;
				CLANG_WARN_BOOL_CONVERSION = YES;
				CLANG_WARN_COMMA = YES;
				CLANG_WARN_CONSTANT_CONVERSION = YES;
				CLANG_WARN_DIRECT_OBJC_ISA_USAGE = YES_ERROR;
				CLANG_WARN_DOCUMENTATION_COMMENTS = YES;
				CLANG_WARN_EMPTY_BODY = YES;
				CLANG_WARN_ENUM_CONVERSION = YES;
				CLANG_WARN_INFINITE_RECURSION = YES;
				CLANG_WARN_INT_CONVERSION = YES;
				CLANG_WARN_NON_LITERAL_NULL_CONVERSION = YES;
				CLANG_WARN_OBJC_LITERAL_CONVERSION = YES;
				CLANG_WARN_OBJC_ROOT_CLASS = YES_ERROR;
				CLANG_WARN_RANGE_LOOP_ANALYSIS = YES;
				CLANG_WARN_STRICT_PROTOTYPES = YES;
				CLANG_WARN_SUSPICIOUS_MOVE = YES;
				CLANG_WARN_UNGUARDED_AVAILABILITY = YES_AGGRESSIVE;
				CLANG_WARN_UNREACHABLE_CODE = YES;
				CLANG_WARN__DUPLICATE_METHOD_MATCH = YES;
				CODE_SIGN_IDENTITY = "iPhone Developer";
				COPY_PHASE_STRIP = NO;
				DEBUG_INFORMATION_FORMAT = dwarf;
				ENABLE_STRICT_OBJC_MSGSEND = YES;
				ENABLE_TESTABILITY = YES;
				GCC_C_LANGUAGE_STANDARD = gnu11;
				GCC_DYNAMIC_NO_PIC = NO;
				GCC_NO_COMMON_BLOCKS = YES;
				GCC_OPTIMIZATION_LEVEL = 0;
				GCC_PREPROCESSOR_DEFINITIONS = (
					"DEBUG=1",
					"$(inherited)",
				);
				GCC_WARN_64_TO_32_BIT_CONVERSION = YES;
				GCC_WARN_ABOUT_RETURN_TYPE = YES_ERROR;
				GCC_WARN_UNDECLARED_SELECTOR = YES;
				GCC_WARN_UNINITIALIZED_AUTOS = YES_AGGRESSIVE;
				GCC_WARN_UNUSED_FUNCTION = YES;
				GCC_WARN_UNUSED_VARIABLE = YES;
				IPHONEOS_DEPLOYMENT_TARGET = 11.2;
				MTL_ENABLE_DEBUG_INFO = YES;
				ONLY_ACTIVE_ARCH = YES;
				SDKROOT = iphoneos;
				SWIFT_ACTIVE_COMPILATION_CONDITIONS = DEBUG;
				SWIFT_OPTIMIZATION_LEVEL = "-Onone";
			};
			name = Debug;
		};
		236156012023F1850004DC9F /* Release */ = {
			isa = XCBuildConfiguration;
			buildSettings = {
				ALWAYS_SEARCH_USER_PATHS = NO;
				CLANG_ANALYZER_NONNULL = YES;
				CLANG_ANALYZER_NUMBER_OBJECT_CONVERSION = YES_AGGRESSIVE;
				CLANG_CXX_LANGUAGE_STANDARD = "gnu++14";
				CLANG_CXX_LIBRARY = "libc++";
				CLANG_ENABLE_MODULES = YES;
				CLANG_ENABLE_OBJC_ARC = YES;
				CLANG_WARN_BLOCK_CAPTURE_AUTORELEASING = YES;
				CLANG_WARN_BOOL_CONVERSION = YES;
				CLANG_WARN_COMMA = YES;
				CLANG_WARN_CONSTANT_CONVERSION = YES;
				CLANG_WARN_DIRECT_OBJC_ISA_USAGE = YES_ERROR;
				CLANG_WARN_DOCUMENTATION_COMMENTS = YES;
				CLANG_WARN_EMPTY_BODY = YES;
				CLANG_WARN_ENUM_CONVERSION = YES;
				CLANG_WARN_INFINITE_RECURSION = YES;
				CLANG_WARN_INT_CONVERSION = YES;
				CLANG_WARN_NON_LITERAL_NULL_CONVERSION = YES;
				CLANG_WARN_OBJC_LITERAL_CONVERSION = YES;
				CLANG_WARN_OBJC_ROOT_CLASS = YES_ERROR;
				CLANG_WARN_RANGE_LOOP_ANALYSIS = YES;
				CLANG_WARN_STRICT_PROTOTYPES = YES;
				CLANG_WARN_SUSPICIOUS_MOVE = YES;
				CLANG_WARN_UNGUARDED_AVAILABILITY = YES_AGGRESSIVE;
				CLANG_WARN_UNREACHABLE_CODE = YES;
				CLANG_WARN__DUPLICATE_METHOD_MATCH = YES;
				CODE_SIGN_IDENTITY = "iPhone Developer";
				COPY_PHASE_STRIP = NO;
				DEBUG_INFORMATION_FORMAT = "dwarf-with-dsym";
				ENABLE_NS_ASSERTIONS = NO;
				ENABLE_STRICT_OBJC_MSGSEND = YES;
				GCC_C_LANGUAGE_STANDARD = gnu11;
				GCC_NO_COMMON_BLOCKS = YES;
				GCC_WARN_64_TO_32_BIT_CONVERSION = YES;
				GCC_WARN_ABOUT_RETURN_TYPE = YES_ERROR;
				GCC_WARN_UNDECLARED_SELECTOR = YES;
				GCC_WARN_UNINITIALIZED_AUTOS = YES_AGGRESSIVE;
				GCC_WARN_UNUSED_FUNCTION = YES;
				GCC_WARN_UNUSED_VARIABLE = YES;
				IPHONEOS_DEPLOYMENT_TARGET = 11.2;
				MTL_ENABLE_DEBUG_INFO = NO;
				SDKROOT = iphoneos;
				SWIFT_OPTIMIZATION_LEVEL = "-Owholemodule";
				VALIDATE_PRODUCT = YES;
			};
			name = Release;
		};
		236156032023F1850004DC9F /* Debug */ = {
			isa = XCBuildConfiguration;
			baseConfigurationReference = C5B8742448B544813C4C79FE /* Pods-EveryTeenSeen.debug.xcconfig */;
			buildSettings = {
				ASSETCATALOG_COMPILER_APPICON_NAME = AppIcon;
				CODE_SIGN_STYLE = Automatic;
				DEVELOPMENT_TEAM = RE524LJXV2;
				INFOPLIST_FILE = "$(SRCROOT)/EveryTeenSeen/Resources/Info.plist";
				LD_RUNPATH_SEARCH_PATHS = "$(inherited) @executable_path/Frameworks";
				PRODUCT_BUNDLE_IDENTIFIER = ETSMovement.EveryTeenSeen;
				PRODUCT_NAME = "$(TARGET_NAME)";
				SWIFT_VERSION = 4.0;
				TARGETED_DEVICE_FAMILY = "1,2";
			};
			name = Debug;
		};
		236156042023F1850004DC9F /* Release */ = {
			isa = XCBuildConfiguration;
			baseConfigurationReference = 03564C288DF100113DAE3FBD /* Pods-EveryTeenSeen.release.xcconfig */;
			buildSettings = {
				ASSETCATALOG_COMPILER_APPICON_NAME = AppIcon;
				CODE_SIGN_STYLE = Automatic;
				DEVELOPMENT_TEAM = RE524LJXV2;
				INFOPLIST_FILE = "$(SRCROOT)/EveryTeenSeen/Resources/Info.plist";
				LD_RUNPATH_SEARCH_PATHS = "$(inherited) @executable_path/Frameworks";
				PRODUCT_BUNDLE_IDENTIFIER = ETSMovement.EveryTeenSeen;
				PRODUCT_NAME = "$(TARGET_NAME)";
				SWIFT_VERSION = 4.0;
				TARGETED_DEVICE_FAMILY = "1,2";
			};
			name = Release;
		};
/* End XCBuildConfiguration section */

/* Begin XCConfigurationList section */
		236155EB2023F1850004DC9F /* Build configuration list for PBXProject "EveryTeenSeen" */ = {
			isa = XCConfigurationList;
			buildConfigurations = (
				236156002023F1850004DC9F /* Debug */,
				236156012023F1850004DC9F /* Release */,
			);
			defaultConfigurationIsVisible = 0;
			defaultConfigurationName = Release;
		};
		236156022023F1850004DC9F /* Build configuration list for PBXNativeTarget "EveryTeenSeen" */ = {
			isa = XCConfigurationList;
			buildConfigurations = (
				236156032023F1850004DC9F /* Debug */,
				236156042023F1850004DC9F /* Release */,
			);
			defaultConfigurationIsVisible = 0;
			defaultConfigurationName = Release;
		};
/* End XCConfigurationList section */
	};
	rootObject = 236155E82023F1850004DC9F /* Project object */;
}
